{
  "requires": true,
  "lockfileVersion": 1,
  "dependencies": {
    "geolib": {
      "version": "3.0.4",
      "resolved": "https://registry.npmjs.org/geolib/-/geolib-3.0.4.tgz",
      "integrity": "sha512-IpbpPdfuVdjj2T909H0Kj0Crp0he+xfFYX6e1Wlvo5L2OVkfnfvpTLp9k0VYuu5ObbWhQ/TI2VKNsrAokss5vA=="
    }
  }
}
